// !$*UTF8*$!
{
	archiveVersion = 1;
	classes = {
	};
	objectVersion = 77;
	objects = {

/* Begin PBXBuildFile section */
		BD2C2AB92D84146D007CD352 /* DeviceActivity.framework in Frameworks */ = {isa = PBXBuildFile; fileRef = BD2C2AB82D84146D007CD352 /* DeviceActivity.framework */; };
		BD2C2AC12D84146D007CD352 /* ScreenTimeMonitor.appex in Embed Foundation Extensions */ = {isa = PBXBuildFile; fileRef = BD2C2AB62D84146D007CD352 /* ScreenTimeMonitor.appex */; settings = {ATTRIBUTES = (RemoveHeadersOnCopy, ); }; };
		BD2C2AED2D85108A007CD352 /* ManagedSettings.framework in Frameworks */ = {isa = PBXBuildFile; fileRef = BD2C2AEC2D85108A007CD352 /* ManagedSettings.framework */; };
		BD2C2AEF2D85108A007CD352 /* ManagedSettingsUI.framework in Frameworks */ = {isa = PBXBuildFile; fileRef = BD2C2AEE2D85108A007CD352 /* ManagedSettingsUI.framework */; };
		BD2C2AF72D85108B007CD352 /* ScreenTimeShield.appex in Embed Foundation Extensions */ = {isa = PBXBuildFile; fileRef = BD2C2AEB2D85108A007CD352 /* ScreenTimeShield.appex */; settings = {ATTRIBUTES = (RemoveHeadersOnCopy, ); }; };
/* End PBXBuildFile section */

/* Begin PBXContainerItemProxy section */
		BD2C2ABF2D84146D007CD352 /* PBXContainerItemProxy */ = {
			isa = PBXContainerItemProxy;
			containerPortal = BD2C2A8E2D8410BB007CD352 /* Project object */;
			proxyType = 1;
			remoteGlobalIDString = BD2C2AB52D84146D007CD352;
			remoteInfo = ScreenTimeMonitor;
		};
		BD2C2AF52D85108B007CD352 /* PBXContainerItemProxy */ = {
			isa = PBXContainerItemProxy;
			containerPortal = BD2C2A8E2D8410BB007CD352 /* Project object */;
			proxyType = 1;
			remoteGlobalIDString = BD2C2AEA2D85108A007CD352;
			remoteInfo = ScreenTimeShield;
		};
/* End PBXContainerItemProxy section */

/* Begin PBXCopyFilesBuildPhase section */
		BD2C2AC62D84146D007CD352 /* Embed Foundation Extensions */ = {
			isa = PBXCopyFilesBuildPhase;
			buildActionMask = 2147483647;
			dstPath = "";
			dstSubfolderSpec = 13;
			files = (
				BD2C2AF72D85108B007CD352 /* ScreenTimeShield.appex in Embed Foundation Extensions */,
				BD2C2AC12D84146D007CD352 /* ScreenTimeMonitor.appex in Embed Foundation Extensions */,
			);
			name = "Embed Foundation Extensions";
			runOnlyForDeploymentPostprocessing = 0;
		};
/* End PBXCopyFilesBuildPhase section */

/* Begin PBXFileReference section */
		BD2C2A962D8410BB007CD352 /* ScreenFit.app */ = {isa = PBXFileReference; explicitFileType = wrapper.application; includeInIndex = 0; path = ScreenFit.app; sourceTree = BUILT_PRODUCTS_DIR; };
		BD2C2AB62D84146D007CD352 /* ScreenTimeMonitor.appex */ = {isa = PBXFileReference; explicitFileType = "wrapper.app-extension"; includeInIndex = 0; path = ScreenTimeMonitor.appex; sourceTree = BUILT_PRODUCTS_DIR; };
		BD2C2AB82D84146D007CD352 /* DeviceActivity.framework */ = {isa = PBXFileReference; lastKnownFileType = wrapper.framework; name = DeviceActivity.framework; path = System/Library/Frameworks/DeviceActivity.framework; sourceTree = SDKROOT; };
		BD2C2AEB2D85108A007CD352 /* ScreenTimeShield.appex */ = {isa = PBXFileReference; explicitFileType = "wrapper.app-extension"; includeInIndex = 0; path = ScreenTimeShield.appex; sourceTree = BUILT_PRODUCTS_DIR; };
		BD2C2AEC2D85108A007CD352 /* ManagedSettings.framework */ = {isa = PBXFileReference; lastKnownFileType = wrapper.framework; name = ManagedSettings.framework; path = System/Library/Frameworks/ManagedSettings.framework; sourceTree = SDKROOT; };
		BD2C2AEE2D85108A007CD352 /* ManagedSettingsUI.framework */ = {isa = PBXFileReference; lastKnownFileType = wrapper.framework; name = ManagedSettingsUI.framework; path = System/Library/Frameworks/ManagedSettingsUI.framework; sourceTree = SDKROOT; };
/* End PBXFileReference section */

/* Begin PBXFileSystemSynchronizedBuildFileExceptionSet section */
		BD2C2AC22D84146D007CD352 /* Exceptions for "ScreenTimeMonitor" folder in "ScreenTimeMonitor" target */ = {
			isa = PBXFileSystemSynchronizedBuildFileExceptionSet;
			membershipExceptions = (
				Info.plist,
			);
			target = BD2C2AB52D84146D007CD352 /* ScreenTimeMonitor */;
		};
		BD2C2ACC2D844BAC007CD352 /* Exceptions for "ScreenFit" folder in "ScreenTimeMonitor" target */ = {
			isa = PBXFileSystemSynchronizedBuildFileExceptionSet;
			membershipExceptions = (
				ScreenTimeSelectedAppsModel.swift,
			);
			target = BD2C2AB52D84146D007CD352 /* ScreenTimeMonitor */;
		};
		BD2C2AF82D85108B007CD352 /* Exceptions for "ScreenTimeShield" folder in "ScreenTimeShield" target */ = {
			isa = PBXFileSystemSynchronizedBuildFileExceptionSet;
			membershipExceptions = (
				Info.plist,
			);
			target = BD2C2AEA2D85108A007CD352 /* ScreenTimeShield */;
		};
/* End PBXFileSystemSynchronizedBuildFileExceptionSet section */

/* Begin PBXFileSystemSynchronizedRootGroup section */
		BD2C2A982D8410BB007CD352 /* ScreenFit */ = {
			isa = PBXFileSystemSynchronizedRootGroup;
			exceptions = (
				BD2C2ACC2D844BAC007CD352 /* Exceptions for "ScreenFit" folder in "ScreenTimeMonitor" target */,
			);
			path = ScreenFit;
			sourceTree = "<group>";
		};
		BD2C2ABA2D84146D007CD352 /* ScreenTimeMonitor */ = {
			isa = PBXFileSystemSynchronizedRootGroup;
			exceptions = (
				BD2C2AC22D84146D007CD352 /* Exceptions for "ScreenTimeMonitor" folder in "ScreenTimeMonitor" target */,
			);
			path = ScreenTimeMonitor;
			sourceTree = "<group>";
		};
		BD2C2AF02D85108A007CD352 /* ScreenTimeShield */ = {
			isa = PBXFileSystemSynchronizedRootGroup;
			exceptions = (
				BD2C2AF82D85108B007CD352 /* Exceptions for "ScreenTimeShield" folder in "ScreenTimeShield" target */,
			);
			path = ScreenTimeShield;
			sourceTree = "<group>";
		};
/* End PBXFileSystemSynchronizedRootGroup section */

/* Begin PBXFrameworksBuildPhase section */
		BD2C2A932D8410BB007CD352 /* Frameworks */ = {
			isa = PBXFrameworksBuildPhase;
			buildActionMask = 2147483647;
			files = (
			);
			runOnlyForDeploymentPostprocessing = 0;
		};
		BD2C2AB32D84146D007CD352 /* Frameworks */ = {
			isa = PBXFrameworksBuildPhase;
			buildActionMask = 2147483647;
			files = (
				BD2C2AB92D84146D007CD352 /* DeviceActivity.framework in Frameworks */,
			);
			runOnlyForDeploymentPostprocessing = 0;
		};
		BD2C2AE82D85108A007CD352 /* Frameworks */ = {
			isa = PBXFrameworksBuildPhase;
			buildActionMask = 2147483647;
			files = (
				BD2C2AED2D85108A007CD352 /* ManagedSettings.framework in Frameworks */,
				BD2C2AEF2D85108A007CD352 /* ManagedSettingsUI.framework in Frameworks */,
			);
			runOnlyForDeploymentPostprocessing = 0;
		};
/* End PBXFrameworksBuildPhase section */

/* Begin PBXGroup section */
		BD2C2A8D2D8410BB007CD352 = {
			isa = PBXGroup;
			children = (
				BD2C2A982D8410BB007CD352 /* ScreenFit */,
				BD2C2ABA2D84146D007CD352 /* ScreenTimeMonitor */,
				BD2C2AF02D85108A007CD352 /* ScreenTimeShield */,
				BD2C2AB72D84146D007CD352 /* Frameworks */,
				BD2C2A972D8410BB007CD352 /* Products */,
			);
			sourceTree = "<group>";
		};
		BD2C2A972D8410BB007CD352 /* Products */ = {
			isa = PBXGroup;
			children = (
				BD2C2A962D8410BB007CD352 /* ScreenFit.app */,
				BD2C2AB62D84146D007CD352 /* ScreenTimeMonitor.appex */,
				BD2C2AEB2D85108A007CD352 /* ScreenTimeShield.appex */,
			);
			name = Products;
			sourceTree = "<group>";
		};
		BD2C2AB72D84146D007CD352 /* Frameworks */ = {
			isa = PBXGroup;
			children = (
				BD2C2AB82D84146D007CD352 /* DeviceActivity.framework */,
				BD2C2AEC2D85108A007CD352 /* ManagedSettings.framework */,
				BD2C2AEE2D85108A007CD352 /* ManagedSettingsUI.framework */,
			);
			name = Frameworks;
			sourceTree = "<group>";
		};
/* End PBXGroup section */

/* Begin PBXNativeTarget section */
		BD2C2A952D8410BB007CD352 /* ScreenFit */ = {
			isa = PBXNativeTarget;
			buildConfigurationList = BD2C2AA42D8410BC007CD352 /* Build configuration list for PBXNativeTarget "ScreenFit" */;
			buildPhases = (
				BD2C2A922D8410BB007CD352 /* Sources */,
				BD2C2A932D8410BB007CD352 /* Frameworks */,
				BD2C2A942D8410BB007CD352 /* Resources */,
				BD2C2AC62D84146D007CD352 /* Embed Foundation Extensions */,
			);
			buildRules = (
			);
			dependencies = (
				BD2C2AC02D84146D007CD352 /* PBXTargetDependency */,
				BD2C2AF62D85108B007CD352 /* PBXTargetDependency */,
			);
			fileSystemSynchronizedGroups = (
				BD2C2A982D8410BB007CD352 /* ScreenFit */,
			);
			name = ScreenFit;
			packageProductDependencies = (
			);
			productName = ScreenFit;
			productReference = BD2C2A962D8410BB007CD352 /* ScreenFit.app */;
			productType = "com.apple.product-type.application";
		};
		BD2C2AB52D84146D007CD352 /* ScreenTimeMonitor */ = {
			isa = PBXNativeTarget;
			buildConfigurationList = BD2C2AC32D84146D007CD352 /* Build configuration list for PBXNativeTarget "ScreenTimeMonitor" */;
			buildPhases = (
				BD2C2AB22D84146D007CD352 /* Sources */,
				BD2C2AB32D84146D007CD352 /* Frameworks */,
				BD2C2AB42D84146D007CD352 /* Resources */,
			);
			buildRules = (
			);
			dependencies = (
			);
			fileSystemSynchronizedGroups = (
				BD2C2ABA2D84146D007CD352 /* ScreenTimeMonitor */,
			);
			name = ScreenTimeMonitor;
			packageProductDependencies = (
			);
			productName = ScreenTimeMonitor;
			productReference = BD2C2AB62D84146D007CD352 /* ScreenTimeMonitor.appex */;
			productType = "com.apple.product-type.app-extension";
		};
		BD2C2AEA2D85108A007CD352 /* ScreenTimeShield */ = {
			isa = PBXNativeTarget;
			buildConfigurationList = BD2C2AF92D85108B007CD352 /* Build configuration list for PBXNativeTarget "ScreenTimeShield" */;
			buildPhases = (
				BD2C2AE72D85108A007CD352 /* Sources */,
				BD2C2AE82D85108A007CD352 /* Frameworks */,
				BD2C2AE92D85108A007CD352 /* Resources */,
			);
			buildRules = (
			);
			dependencies = (
			);
			fileSystemSynchronizedGroups = (
				BD2C2AF02D85108A007CD352 /* ScreenTimeShield */,
			);
			name = ScreenTimeShield;
			packageProductDependencies = (
			);
			productName = ScreenTimeShield;
			productReference = BD2C2AEB2D85108A007CD352 /* ScreenTimeShield.appex */;
			productType = "com.apple.product-type.app-extension";
		};
/* End PBXNativeTarget section */

/* Begin PBXProject section */
		BD2C2A8E2D8410BB007CD352 /* Project object */ = {
			isa = PBXProject;
			attributes = {
				BuildIndependentTargetsInParallel = 1;
				LastSwiftUpdateCheck = 1620;
				LastUpgradeCheck = 1620;
				TargetAttributes = {
					BD2C2A952D8410BB007CD352 = {
						CreatedOnToolsVersion = 16.2;
					};
					BD2C2AB52D84146D007CD352 = {
						CreatedOnToolsVersion = 16.2;
					};
					BD2C2AEA2D85108A007CD352 = {
						CreatedOnToolsVersion = 16.2;
					};
				};
			};
			buildConfigurationList = BD2C2A912D8410BB007CD352 /* Build configuration list for PBXProject "ScreenFit" */;
			developmentRegion = en;
			hasScannedForEncodings = 0;
			knownRegions = (
				en,
				Base,
			);
			mainGroup = BD2C2A8D2D8410BB007CD352;
			minimizedProjectReferenceProxies = 1;
			preferredProjectObjectVersion = 77;
			productRefGroup = BD2C2A972D8410BB007CD352 /* Products */;
			projectDirPath = "";
			projectRoot = "";
			targets = (
				BD2C2A952D8410BB007CD352 /* ScreenFit */,
				BD2C2AB52D84146D007CD352 /* ScreenTimeMonitor */,
				BD2C2AEA2D85108A007CD352 /* ScreenTimeShield */,
			);
		};
/* End PBXProject section */

/* Begin PBXResourcesBuildPhase section */
		BD2C2A942D8410BB007CD352 /* Resources */ = {
			isa = PBXResourcesBuildPhase;
			buildActionMask = 2147483647;
			files = (
			);
			runOnlyForDeploymentPostprocessing = 0;
		};
		BD2C2AB42D84146D007CD352 /* Resources */ = {
			isa = PBXResourcesBuildPhase;
			buildActionMask = 2147483647;
			files = (
			);
			runOnlyForDeploymentPostprocessing = 0;
		};
		BD2C2AE92D85108A007CD352 /* Resources */ = {
			isa = PBXResourcesBuildPhase;
			buildActionMask = 2147483647;
			files = (
			);
			runOnlyForDeploymentPostprocessing = 0;
		};
/* End PBXResourcesBuildPhase section */

/* Begin PBXSourcesBuildPhase section */
		BD2C2A922D8410BB007CD352 /* Sources */ = {
			isa = PBXSourcesBuildPhase;
			buildActionMask = 2147483647;
			files = (
			);
			runOnlyForDeploymentPostprocessing = 0;
		};
		BD2C2AB22D84146D007CD352 /* Sources */ = {
			isa = PBXSourcesBuildPhase;
			buildActionMask = 2147483647;
			files = (
			);
			runOnlyForDeploymentPostprocessing = 0;
		};
		BD2C2AE72D85108A007CD352 /* Sources */ = {
			isa = PBXSourcesBuildPhase;
			buildActionMask = 2147483647;
			files = (
			);
			runOnlyForDeploymentPostprocessing = 0;
		};
/* End PBXSourcesBuildPhase section */

/* Begin PBXTargetDependency section */
		BD2C2AC02D84146D007CD352 /* PBXTargetDependency */ = {
			isa = PBXTargetDependency;
			target = BD2C2AB52D84146D007CD352 /* ScreenTimeMonitor */;
			targetProxy = BD2C2ABF2D84146D007CD352 /* PBXContainerItemProxy */;
		};
		BD2C2AF62D85108B007CD352 /* PBXTargetDependency */ = {
			isa = PBXTargetDependency;
			target = BD2C2AEA2D85108A007CD352 /* ScreenTimeShield */;
			targetProxy = BD2C2AF52D85108B007CD352 /* PBXContainerItemProxy */;
		};
/* End PBXTargetDependency section */

/* Begin XCBuildConfiguration section */
		BD2C2AA22D8410BC007CD352 /* Debug */ = {
			isa = XCBuildConfiguration;
			buildSettings = {
				ALWAYS_SEARCH_USER_PATHS = NO;
				ASSETCATALOG_COMPILER_GENERATE_SWIFT_ASSET_SYMBOL_EXTENSIONS = YES;
				CLANG_ANALYZER_NONNULL = YES;
				CLANG_ANALYZER_NUMBER_OBJECT_CONVERSION = YES_AGGRESSIVE;
				CLANG_CXX_LANGUAGE_STANDARD = "gnu++20";
				CLANG_ENABLE_MODULES = YES;
				CLANG_ENABLE_OBJC_ARC = YES;
				CLANG_ENABLE_OBJC_WEAK = YES;
				CLANG_WARN_BLOCK_CAPTURE_AUTORELEASING = YES;
				CLANG_WARN_BOOL_CONVERSION = YES;
				CLANG_WARN_COMMA = YES;
				CLANG_WARN_CONSTANT_CONVERSION = YES;
				CLANG_WARN_DEPRECATED_OBJC_IMPLEMENTATIONS = YES;
				CLANG_WARN_DIRECT_OBJC_ISA_USAGE = YES_ERROR;
				CLANG_WARN_DOCUMENTATION_COMMENTS = YES;
				CLANG_WARN_EMPTY_BODY = YES;
				CLANG_WARN_ENUM_CONVERSION = YES;
				CLANG_WARN_INFINITE_RECURSION = YES;
				CLANG_WARN_INT_CONVERSION = YES;
				CLANG_WARN_NON_LITERAL_NULL_CONVERSION = YES;
				CLANG_WARN_OBJC_IMPLICIT_RETAIN_SELF = YES;
				CLANG_WARN_OBJC_LITERAL_CONVERSION = YES;
				CLANG_WARN_OBJC_ROOT_CLASS = YES_ERROR;
				CLANG_WARN_QUOTED_INCLUDE_IN_FRAMEWORK_HEADER = YES;
				CLANG_WARN_RANGE_LOOP_ANALYSIS = YES;
				CLANG_WARN_STRICT_PROTOTYPES = YES;
				CLANG_WARN_SUSPICIOUS_MOVE = YES;
				CLANG_WARN_UNGUARDED_AVAILABILITY = YES_AGGRESSIVE;
				CLANG_WARN_UNREACHABLE_CODE = YES;
				CLANG_WARN__DUPLICATE_METHOD_MATCH = YES;
				COPY_PHASE_STRIP = NO;
				DEBUG_INFORMATION_FORMAT = dwarf;
				ENABLE_STRICT_OBJC_MSGSEND = YES;
				ENABLE_TESTABILITY = YES;
				ENABLE_USER_SCRIPT_SANDBOXING = YES;
				GCC_C_LANGUAGE_STANDARD = gnu17;
				GCC_DYNAMIC_NO_PIC = NO;
				GCC_NO_COMMON_BLOCKS = YES;
				GCC_OPTIMIZATION_LEVEL = 0;
				GCC_PREPROCESSOR_DEFINITIONS = (
					"DEBUG=1",
					"$(inherited)",
				);
				GCC_WARN_64_TO_32_BIT_CONVERSION = YES;
				GCC_WARN_ABOUT_RETURN_TYPE = YES_ERROR;
				GCC_WARN_UNDECLARED_SELECTOR = YES;
				GCC_WARN_UNINITIALIZED_AUTOS = YES_AGGRESSIVE;
				GCC_WARN_UNUSED_FUNCTION = YES;
				GCC_WARN_UNUSED_VARIABLE = YES;
				IPHONEOS_DEPLOYMENT_TARGET = 18.2;
				LOCALIZATION_PREFERS_STRING_CATALOGS = YES;
				MTL_ENABLE_DEBUG_INFO = INCLUDE_SOURCE;
				MTL_FAST_MATH = YES;
				ONLY_ACTIVE_ARCH = YES;
				SDKROOT = iphoneos;
				SWIFT_ACTIVE_COMPILATION_CONDITIONS = "DEBUG $(inherited)";
				SWIFT_OPTIMIZATION_LEVEL = "-Onone";
			};
			name = Debug;
		};
		BD2C2AA32D8410BC007CD352 /* Release */ = {
			isa = XCBuildConfiguration;
			buildSettings = {
				ALWAYS_SEARCH_USER_PATHS = NO;
				ASSETCATALOG_COMPILER_GENERATE_SWIFT_ASSET_SYMBOL_EXTENSIONS = YES;
				CLANG_ANALYZER_NONNULL = YES;
				CLANG_ANALYZER_NUMBER_OBJECT_CONVERSION = YES_AGGRESSIVE;
				CLANG_CXX_LANGUAGE_STANDARD = "gnu++20";
				CLANG_ENABLE_MODULES = YES;
				CLANG_ENABLE_OBJC_ARC = YES;
				CLANG_ENABLE_OBJC_WEAK = YES;
				CLANG_WARN_BLOCK_CAPTURE_AUTORELEASING = YES;
				CLANG_WARN_BOOL_CONVERSION = YES;
				CLANG_WARN_COMMA = YES;
				CLANG_WARN_CONSTANT_CONVERSION = YES;
				CLANG_WARN_DEPRECATED_OBJC_IMPLEMENTATIONS = YES;
				CLANG_WARN_DIRECT_OBJC_ISA_USAGE = YES_ERROR;
				CLANG_WARN_DOCUMENTATION_COMMENTS = YES;
				CLANG_WARN_EMPTY_BODY = YES;
				CLANG_WARN_ENUM_CONVERSION = YES;
				CLANG_WARN_INFINITE_RECURSION = YES;
				CLANG_WARN_INT_CONVERSION = YES;
				CLANG_WARN_NON_LITERAL_NULL_CONVERSION = YES;
				CLANG_WARN_OBJC_IMPLICIT_RETAIN_SELF = YES;
				CLANG_WARN_OBJC_LITERAL_CONVERSION = YES;
				CLANG_WARN_OBJC_ROOT_CLASS = YES_ERROR;
				CLANG_WARN_QUOTED_INCLUDE_IN_FRAMEWORK_HEADER = YES;
				CLANG_WARN_RANGE_LOOP_ANALYSIS = YES;
				CLANG_WARN_STRICT_PROTOTYPES = YES;
				CLANG_WARN_SUSPICIOUS_MOVE = YES;
				CLANG_WARN_UNGUARDED_AVAILABILITY = YES_AGGRESSIVE;
				CLANG_WARN_UNREACHABLE_CODE = YES;
				CLANG_WARN__DUPLICATE_METHOD_MATCH = YES;
				COPY_PHASE_STRIP = NO;
				DEBUG_INFORMATION_FORMAT = "dwarf-with-dsym";
				ENABLE_NS_ASSERTIONS = NO;
				ENABLE_STRICT_OBJC_MSGSEND = YES;
				ENABLE_USER_SCRIPT_SANDBOXING = YES;
				GCC_C_LANGUAGE_STANDARD = gnu17;
				GCC_NO_COMMON_BLOCKS = YES;
				GCC_WARN_64_TO_32_BIT_CONVERSION = YES;
				GCC_WARN_ABOUT_RETURN_TYPE = YES_ERROR;
				GCC_WARN_UNDECLARED_SELECTOR = YES;
				GCC_WARN_UNINITIALIZED_AUTOS = YES_AGGRESSIVE;
				GCC_WARN_UNUSED_FUNCTION = YES;
				GCC_WARN_UNUSED_VARIABLE = YES;
				IPHONEOS_DEPLOYMENT_TARGET = 18.2;
				LOCALIZATION_PREFERS_STRING_CATALOGS = YES;
				MTL_ENABLE_DEBUG_INFO = NO;
				MTL_FAST_MATH = YES;
				SDKROOT = iphoneos;
				SWIFT_COMPILATION_MODE = wholemodule;
				VALIDATE_PRODUCT = YES;
			};
			name = Release;
		};
		BD2C2AA52D8410BC007CD352 /* Debug */ = {
			isa = XCBuildConfiguration;
			buildSettings = {
				ASSETCATALOG_COMPILER_APPICON_NAME = AppIcon;
				ASSETCATALOG_COMPILER_GLOBAL_ACCENT_COLOR_NAME = AccentColor;
				CODE_SIGN_ENTITLEMENTS = ScreenFit/ScreenFit.entitlements;
				CODE_SIGN_STYLE = Automatic;
				CURRENT_PROJECT_VERSION = 1;
				DEVELOPMENT_ASSET_PATHS = "\"ScreenFit/Preview Content\"";
				DEVELOPMENT_TEAM = VPNR8289C6;
				ENABLE_PREVIEWS = YES;
				GENERATE_INFOPLIST_FILE = YES;
				INFOPLIST_KEY_NSCameraUsageDescription = "Camera required to track exercises for unlocking apps.";
				INFOPLIST_KEY_UIApplicationSceneManifest_Generation = YES;
				INFOPLIST_KEY_UIApplicationSupportsIndirectInputEvents = YES;
				INFOPLIST_KEY_UILaunchScreen_Generation = YES;
				INFOPLIST_KEY_UISupportedInterfaceOrientations_iPad = "UIInterfaceOrientationPortrait UIInterfaceOrientationPortraitUpsideDown UIInterfaceOrientationLandscapeLeft UIInterfaceOrientationLandscapeRight";
				INFOPLIST_KEY_UISupportedInterfaceOrientations_iPhone = "UIInterfaceOrientationPortrait UIInterfaceOrientationLandscapeLeft UIInterfaceOrientationLandscapeRight";
				IPHONEOS_DEPLOYMENT_TARGET = 18.0;
				LD_RUNPATH_SEARCH_PATHS = (
					"$(inherited)",
					"@executable_path/Frameworks",
				);
				MARKETING_VERSION = 1.0;
				PRODUCT_BUNDLE_IDENTIFIER = "CGC-Studio.ScreenFit";
				PRODUCT_NAME = "$(TARGET_NAME)";
				SWIFT_EMIT_LOC_STRINGS = YES;
				SWIFT_VERSION = 5.0;
				TARGETED_DEVICE_FAMILY = "1,2";
			};
			name = Debug;
		};
		BD2C2AA62D8410BC007CD352 /* Release */ = {
			isa = XCBuildConfiguration;
			buildSettings = {
				ASSETCATALOG_COMPILER_APPICON_NAME = AppIcon;
				ASSETCATALOG_COMPILER_GLOBAL_ACCENT_COLOR_NAME = AccentColor;
				CODE_SIGN_ENTITLEMENTS = ScreenFit/ScreenFit.entitlements;
				CODE_SIGN_STYLE = Automatic;
				CURRENT_PROJECT_VERSION = 1;
				DEVELOPMENT_ASSET_PATHS = "\"ScreenFit/Preview Content\"";
				DEVELOPMENT_TEAM = VPNR8289C6;
				ENABLE_PREVIEWS = YES;
				GENERATE_INFOPLIST_FILE = YES;
				INFOPLIST_KEY_NSCameraUsageDescription = "Camera required to track exercises for unlocking apps.";
				INFOPLIST_KEY_UIApplicationSceneManifest_Generation = YES;
				INFOPLIST_KEY_UIApplicationSupportsIndirectInputEvents = YES;
				INFOPLIST_KEY_UILaunchScreen_Generation = YES;
				INFOPLIST_KEY_UISupportedInterfaceOrientations_iPad = "UIInterfaceOrientationPortrait UIInterfaceOrientationPortraitUpsideDown UIInterfaceOrientationLandscapeLeft UIInterfaceOrientationLandscapeRight";
				INFOPLIST_KEY_UISupportedInterfaceOrientations_iPhone = "UIInterfaceOrientationPortrait UIInterfaceOrientationLandscapeLeft UIInterfaceOrientationLandscapeRight";
				IPHONEOS_DEPLOYMENT_TARGET = 18.0;
				LD_RUNPATH_SEARCH_PATHS = (
					"$(inherited)",
					"@executable_path/Frameworks",
				);
				MARKETING_VERSION = 1.0;
				PRODUCT_BUNDLE_IDENTIFIER = "CGC-Studio.ScreenFit";
				PRODUCT_NAME = "$(TARGET_NAME)";
				SWIFT_EMIT_LOC_STRINGS = YES;
				SWIFT_VERSION = 5.0;
				TARGETED_DEVICE_FAMILY = "1,2";
			};
			name = Release;
		};
		BD2C2AC42D84146D007CD352 /* Debug */ = {
			isa = XCBuildConfiguration;
			buildSettings = {
				CODE_SIGN_ENTITLEMENTS = ScreenTimeMonitor/ScreenTimeMonitor.entitlements;
				CODE_SIGN_STYLE = Automatic;
				CURRENT_PROJECT_VERSION = 1;
				DEVELOPMENT_TEAM = VPNR8289C6;
				GENERATE_INFOPLIST_FILE = YES;
				INFOPLIST_FILE = ScreenTimeMonitor/Info.plist;
				INFOPLIST_KEY_CFBundleDisplayName = ScreenTimeMonitor;
				INFOPLIST_KEY_NSHumanReadableCopyright = "";
				IPHONEOS_DEPLOYMENT_TARGET = 18.0;
				LD_RUNPATH_SEARCH_PATHS = (
					"$(inherited)",
					"@executable_path/Frameworks",
					"@executable_path/../../Frameworks",
				);
				MARKETING_VERSION = 1.0;
				PRODUCT_BUNDLE_IDENTIFIER = "CGC-Studio.ScreenFit.ScreenTimeMonitor";
				PRODUCT_NAME = "$(TARGET_NAME)";
				SKIP_INSTALL = YES;
				SWIFT_EMIT_LOC_STRINGS = YES;
				SWIFT_VERSION = 5.0;
				TARGETED_DEVICE_FAMILY = "1,2";
			};
			name = Debug;
		};
		BD2C2AC52D84146D007CD352 /* Release */ = {
			isa = XCBuildConfiguration;
			buildSettings = {
				CODE_SIGN_ENTITLEMENTS = ScreenTimeMonitor/ScreenTimeMonitor.entitlements;
				CODE_SIGN_STYLE = Automatic;
				CURRENT_PROJECT_VERSION = 1;
				DEVELOPMENT_TEAM = VPNR8289C6;
				GENERATE_INFOPLIST_FILE = YES;
				INFOPLIST_FILE = ScreenTimeMonitor/Info.plist;
				INFOPLIST_KEY_CFBundleDisplayName = ScreenTimeMonitor;
				INFOPLIST_KEY_NSHumanReadableCopyright = "";
				IPHONEOS_DEPLOYMENT_TARGET = 18.0;
				LD_RUNPATH_SEARCH_PATHS = (
					"$(inherited)",
					"@executable_path/Frameworks",
					"@executable_path/../../Frameworks",
				);
				MARKETING_VERSION = 1.0;
				PRODUCT_BUNDLE_IDENTIFIER = "CGC-Studio.ScreenFit.ScreenTimeMonitor";
				PRODUCT_NAME = "$(TARGET_NAME)";
				SKIP_INSTALL = YES;
				SWIFT_EMIT_LOC_STRINGS = YES;
				SWIFT_VERSION = 5.0;
				TARGETED_DEVICE_FAMILY = "1,2";
			};
			name = Release;
		};
		BD2C2AFA2D85108B007CD352 /* Debug */ = {
			isa = XCBuildConfiguration;
			buildSettings = {
				CODE_SIGN_ENTITLEMENTS = ScreenTimeShield/ScreenTimeShield.entitlements;
				CODE_SIGN_STYLE = Automatic;
				CURRENT_PROJECT_VERSION = 1;
				DEVELOPMENT_TEAM = VPNR8289C6;
				GENERATE_INFOPLIST_FILE = YES;
				INFOPLIST_FILE = ScreenTimeShield/Info.plist;
				INFOPLIST_KEY_CFBundleDisplayName = ScreenTimeShield;
				INFOPLIST_KEY_NSHumanReadableCopyright = "";
				IPHONEOS_DEPLOYMENT_TARGET = 18.0;
				LD_RUNPATH_SEARCH_PATHS = (
					"$(inherited)",
					"@executable_path/Frameworks",
					"@executable_path/../../Frameworks",
				);
				MARKETING_VERSION = 1.0;
				PRODUCT_BUNDLE_IDENTIFIER = "CGC-Studio.ScreenFit.ScreenTimeShield";
				PRODUCT_NAME = "$(TARGET_NAME)";
				SKIP_INSTALL = YES;
				SWIFT_EMIT_LOC_STRINGS = YES;
				SWIFT_VERSION = 5.0;
				TARGETED_DEVICE_FAMILY = "1,2";
			};
			name = Debug;
		};
		BD2C2AFB2D85108B007CD352 /* Release */ = {
			isa = XCBuildConfiguration;
			buildSettings = {
				CODE_SIGN_ENTITLEMENTS = ScreenTimeShield/ScreenTimeShield.entitlements;
				CODE_SIGN_STYLE = Automatic;
				CURRENT_PROJECT_VERSION = 1;
				DEVELOPMENT_TEAM = VPNR8289C6;
				GENERATE_INFOPLIST_FILE = YES;
				INFOPLIST_FILE = ScreenTimeShield/Info.plist;
				INFOPLIST_KEY_CFBundleDisplayName = ScreenTimeShield;
				INFOPLIST_KEY_NSHumanReadableCopyright = "";
				IPHONEOS_DEPLOYMENT_TARGET = 18.0;
				LD_RUNPATH_SEARCH_PATHS = (
					"$(inherited)",
					"@executable_path/Frameworks",
					"@executable_path/../../Frameworks",
				);
				MARKETING_VERSION = 1.0;
				PRODUCT_BUNDLE_IDENTIFIER = "CGC-Studio.ScreenFit.ScreenTimeShield";
				PRODUCT_NAME = "$(TARGET_NAME)";
				SKIP_INSTALL = YES;
				SWIFT_EMIT_LOC_STRINGS = YES;
				SWIFT_VERSION = 5.0;
				TARGETED_DEVICE_FAMILY = "1,2";
			};
			name = Release;
		};
/* End XCBuildConfiguration section */

/* Begin XCConfigurationList section */
		BD2C2A912D8410BB007CD352 /* Build configuration list for PBXProject "ScreenFit" */ = {
			isa = XCConfigurationList;
			buildConfigurations = (
				BD2C2AA22D8410BC007CD352 /* Debug */,
				BD2C2AA32D8410BC007CD352 /* Release */,
			);
			defaultConfigurationIsVisible = 0;
			defaultConfigurationName = Release;
		};
		BD2C2AA42D8410BC007CD352 /* Build configuration list for PBXNativeTarget "ScreenFit" */ = {
			isa = XCConfigurationList;
			buildConfigurations = (
				BD2C2AA52D8410BC007CD352 /* Debug */,
				BD2C2AA62D8410BC007CD352 /* Release */,
			);
			defaultConfigurationIsVisible = 0;
			defaultConfigurationName = Release;
		};
		BD2C2AC32D84146D007CD352 /* Build configuration list for PBXNativeTarget "ScreenTimeMonitor" */ = {
			isa = XCConfigurationList;
			buildConfigurations = (
				BD2C2AC42D84146D007CD352 /* Debug */,
				BD2C2AC52D84146D007CD352 /* Release */,
			);
			defaultConfigurationIsVisible = 0;
			defaultConfigurationName = Release;
		};
		BD2C2AF92D85108B007CD352 /* Build configuration list for PBXNativeTarget "ScreenTimeShield" */ = {
			isa = XCConfigurationList;
			buildConfigurations = (
				BD2C2AFA2D85108B007CD352 /* Debug */,
				BD2C2AFB2D85108B007CD352 /* Release */,
			);
			defaultConfigurationIsVisible = 0;
			defaultConfigurationName = Release;
		};
/* End XCConfigurationList section */
	};
	rootObject = BD2C2A8E2D8410BB007CD352 /* Project object */;
}
